// !$*UTF8*$!
{
	archiveVersion = 1;
	classes = {
	};
	objectVersion = 46;
	objects = {

/* Begin PBXBuildFile section */
		99A2A5A11B97536F00F5D377 /* AppDelegate.swift in Sources */ = {isa = PBXBuildFile; fileRef = 99A2A5A01B97536F00F5D377 /* AppDelegate.swift */; };
		99A2A5A31B97536F00F5D377 /* ViewController.swift in Sources */ = {isa = PBXBuildFile; fileRef = 99A2A5A21B97536F00F5D377 /* ViewController.swift */; };
		99A2A5A61B97536F00F5D377 /* Main.storyboard in Resources */ = {isa = PBXBuildFile; fileRef = 99A2A5A41B97536F00F5D377 /* Main.storyboard */; };
		99A2A5A81B97536F00F5D377 /* Assets.xcassets in Resources */ = {isa = PBXBuildFile; fileRef = 99A2A5A71B97536F00F5D377 /* Assets.xcassets */; };
		99A2A5AB1B97536F00F5D377 /* LaunchScreen.storyboard in Resources */ = {isa = PBXBuildFile; fileRef = 99A2A5A91B97536F00F5D377 /* LaunchScreen.storyboard */; };
		99A2A5B61B97536F00F5D377 /* CalendarTestTests.swift in Sources */ = {isa = PBXBuildFile; fileRef = 99A2A5B51B97536F00F5D377 /* CalendarTestTests.swift */; };
		99A2A5C11B97536F00F5D377 /* CalendarTestUITests.swift in Sources */ = {isa = PBXBuildFile; fileRef = 99A2A5C01B97536F00F5D377 /* CalendarTestUITests.swift */; };
/* End PBXBuildFile section */

/* Begin PBXContainerItemProxy section */
		99A2A5B21B97536F00F5D377 /* PBXContainerItemProxy */ = {
			isa = PBXContainerItemProxy;
			containerPortal = 99A2A5951B97536F00F5D377 /* Project object */;
			proxyType = 1;
			remoteGlobalIDString = 99A2A59C1B97536F00F5D377;
			remoteInfo = CalendarTest;
		};
		99A2A5BD1B97536F00F5D377 /* PBXContainerItemProxy */ = {
			isa = PBXContainerItemProxy;
			containerPortal = 99A2A5951B97536F00F5D377 /* Project object */;
			proxyType = 1;
			remoteGlobalIDString = 99A2A59C1B97536F00F5D377;
			remoteInfo = CalendarTest;
		};
/* End PBXContainerItemProxy section */

/* Begin PBXFileReference section */
		99A2A59D1B97536F00F5D377 /* CalendarTest.app */ = {isa = PBXFileReference; explicitFileType = wrapper.application; includeInIndex = 0; path = CalendarTest.app; sourceTree = BUILT_PRODUCTS_DIR; };
		99A2A5A01B97536F00F5D377 /* AppDelegate.swift */ = {isa = PBXFileReference; lastKnownFileType = sourcecode.swift; path = AppDelegate.swift; sourceTree = "<group>"; };
		99A2A5A21B97536F00F5D377 /* ViewController.swift */ = {isa = PBXFileReference; lastKnownFileType = sourcecode.swift; path = ViewController.swift; sourceTree = "<group>"; };
		99A2A5A51B97536F00F5D377 /* Base */ = {isa = PBXFileReference; lastKnownFileType = file.storyboard; name = Base; path = Base.lproj/Main.storyboard; sourceTree = "<group>"; };
		99A2A5A71B97536F00F5D377 /* Assets.xcassets */ = {isa = PBXFileReference; lastKnownFileType = folder.assetcatalog; path = Assets.xcassets; sourceTree = "<group>"; };
		99A2A5AA1B97536F00F5D377 /* Base */ = {isa = PBXFileReference; lastKnownFileType = file.storyboard; name = Base; path = Base.lproj/LaunchScreen.storyboard; sourceTree = "<group>"; };
		99A2A5AC1B97536F00F5D377 /* Info.plist */ = {isa = PBXFileReference; lastKnownFileType = text.plist.xml; path = Info.plist; sourceTree = "<group>"; };
		99A2A5B11B97536F00F5D377 /* CalendarTestTests.xctest */ = {isa = PBXFileReference; explicitFileType = wrapper.cfbundle; includeInIndex = 0; path = CalendarTestTests.xctest; sourceTree = BUILT_PRODUCTS_DIR; };
		99A2A5B51B97536F00F5D377 /* CalendarTestTests.swift */ = {isa = PBXFileReference; lastKnownFileType = sourcecode.swift; path = CalendarTestTests.swift; sourceTree = "<group>"; };
		99A2A5B71B97536F00F5D377 /* Info.plist */ = {isa = PBXFileReference; lastKnownFileType = text.plist.xml; path = Info.plist; sourceTree = "<group>"; };
		99A2A5BC1B97536F00F5D377 /* CalendarTestUITests.xctest */ = {isa = PBXFileReference; explicitFileType = wrapper.cfbundle; includeInIndex = 0; path = CalendarTestUITests.xctest; sourceTree = BUILT_PRODUCTS_DIR; };
		99A2A5C01B97536F00F5D377 /* CalendarTestUITests.swift */ = {isa = PBXFileReference; lastKnownFileType = sourcecode.swift; path = CalendarTestUITests.swift; sourceTree = "<group>"; };
		99A2A5C21B97536F00F5D377 /* Info.plist */ = {isa = PBXFileReference; lastKnownFileType = text.plist.xml; path = Info.plist; sourceTree = "<group>"; };
/* End PBXFileReference section */

/* Begin PBXFrameworksBuildPhase section */
		99A2A59A1B97536F00F5D377 /* Frameworks */ = {
			isa = PBXFrameworksBuildPhase;
			buildActionMask = 2147483647;
			files = (
			);
			runOnlyForDeploymentPostprocessing = 0;
		};
		99A2A5AE1B97536F00F5D377 /* Frameworks */ = {
			isa = PBXFrameworksBuildPhase;
			buildActionMask = 2147483647;
			files = (
			);
			runOnlyForDeploymentPostprocessing = 0;
		};
		99A2A5B91B97536F00F5D377 /* Frameworks */ = {
			isa = PBXFrameworksBuildPhase;
			buildActionMask = 2147483647;
			files = (
			);
			runOnlyForDeploymentPostprocessing = 0;
		};
/* End PBXFrameworksBuildPhase section */

/* Begin PBXGroup section */
		99A2A5941B97536F00F5D377 = {
			isa = PBXGroup;
			children = (
				99A2A59F1B97536F00F5D377 /* CalendarTest */,
				99A2A5B41B97536F00F5D377 /* CalendarTestTests */,
				99A2A5BF1B97536F00F5D377 /* CalendarTestUITests */,
				99A2A59E1B97536F00F5D377 /* Products */,
			);
			sourceTree = "<group>";
		};
		99A2A59E1B97536F00F5D377 /* Products */ = {
			isa = PBXGroup;
			children = (
				99A2A59D1B97536F00F5D377 /* CalendarTest.app */,
				99A2A5B11B97536F00F5D377 /* CalendarTestTests.xctest */,
				99A2A5BC1B97536F00F5D377 /* CalendarTestUITests.xctest */,
			);
			name = Products;
			sourceTree = "<group>";
		};
		99A2A59F1B97536F00F5D377 /* CalendarTest */ = {
			isa = PBXGroup;
			children = (
				99A2A5A01B97536F00F5D377 /* AppDelegate.swift */,
				99A2A5A21B97536F00F5D377 /* ViewController.swift */,
				99A2A5A41B97536F00F5D377 /* Main.storyboard */,
				99A2A5A71B97536F00F5D377 /* Assets.xcassets */,
				99A2A5A91B97536F00F5D377 /* LaunchScreen.storyboard */,
				99A2A5AC1B97536F00F5D377 /* Info.plist */,
			);
			path = CalendarTest;
			sourceTree = "<group>";
		};
		99A2A5B41B97536F00F5D377 /* CalendarTestTests */ = {
			isa = PBXGroup;
			children = (
				99A2A5B51B97536F00F5D377 /* CalendarTestTests.swift */,
				99A2A5B71B97536F00F5D377 /* Info.plist */,
			);
			path = CalendarTestTests;
			sourceTree = "<group>";
		};
		99A2A5BF1B97536F00F5D377 /* CalendarTestUITests */ = {
			isa = PBXGroup;
			children = (
				99A2A5C01B97536F00F5D377 /* CalendarTestUITests.swift */,
				99A2A5C21B97536F00F5D377 /* Info.plist */,
			);
			path = CalendarTestUITests;
			sourceTree = "<group>";
		};
/* End PBXGroup section */

/* Begin PBXNativeTarget section */
		99A2A59C1B97536F00F5D377 /* CalendarTest */ = {
			isa = PBXNativeTarget;
			buildConfigurationList = 99A2A5C51B97536F00F5D377 /* Build configuration list for PBXNativeTarget "CalendarTest" */;
			buildPhases = (
				99A2A5991B97536F00F5D377 /* Sources */,
				99A2A59A1B97536F00F5D377 /* Frameworks */,
				99A2A59B1B97536F00F5D377 /* Resources */,
			);
			buildRules = (
			);
			dependencies = (
			);
			name = CalendarTest;
			productName = CalendarTest;
			productReference = 99A2A59D1B97536F00F5D377 /* CalendarTest.app */;
			productType = "com.apple.product-type.application";
		};
		99A2A5B01B97536F00F5D377 /* CalendarTestTests */ = {
			isa = PBXNativeTarget;
			buildConfigurationList = 99A2A5C81B97536F00F5D377 /* Build configuration list for PBXNativeTarget "CalendarTestTests" */;
			buildPhases = (
				99A2A5AD1B97536F00F5D377 /* Sources */,
				99A2A5AE1B97536F00F5D377 /* Frameworks */,
				99A2A5AF1B97536F00F5D377 /* Resources */,
			);
			buildRules = (
			);
			dependencies = (
				99A2A5B31B97536F00F5D377 /* PBXTargetDependency */,
			);
			name = CalendarTestTests;
			productName = CalendarTestTests;
			productReference = 99A2A5B11B97536F00F5D377 /* CalendarTestTests.xctest */;
			productType = "com.apple.product-type.bundle.unit-test";
		};
		99A2A5BB1B97536F00F5D377 /* CalendarTestUITests */ = {
			isa = PBXNativeTarget;
			buildConfigurationList = 99A2A5CB1B97536F00F5D377 /* Build configuration list for PBXNativeTarget "CalendarTestUITests" */;
			buildPhases = (
				99A2A5B81B97536F00F5D377 /* Sources */,
				99A2A5B91B97536F00F5D377 /* Frameworks */,
				99A2A5BA1B97536F00F5D377 /* Resources */,
			);
			buildRules = (
			);
			dependencies = (
				99A2A5BE1B97536F00F5D377 /* PBXTargetDependency */,
			);
			name = CalendarTestUITests;
			productName = CalendarTestUITests;
			productReference = 99A2A5BC1B97536F00F5D377 /* CalendarTestUITests.xctest */;
			productType = "com.apple.product-type.bundle.ui-testing";
		};
/* End PBXNativeTarget section */

/* Begin PBXProject section */
		99A2A5951B97536F00F5D377 /* Project object */ = {
			isa = PBXProject;
			attributes = {
				LastUpgradeCheck = 0700;
				ORGANIZATIONNAME = "Daniel Spiess";
				TargetAttributes = {
					99A2A59C1B97536F00F5D377 = {
						CreatedOnToolsVersion = 7.0;
					};
					99A2A5B01B97536F00F5D377 = {
						CreatedOnToolsVersion = 7.0;
						TestTargetID = 99A2A59C1B97536F00F5D377;
					};
					99A2A5BB1B97536F00F5D377 = {
						CreatedOnToolsVersion = 7.0;
						TestTargetID = 99A2A59C1B97536F00F5D377;
					};
				};
			};
			buildConfigurationList = 99A2A5981B97536F00F5D377 /* Build configuration list for PBXProject "CalendarTest" */;
			compatibilityVersion = "Xcode 3.2";
			developmentRegion = English;
			hasScannedForEncodings = 0;
			knownRegions = (
				en,
				Base,
			);
			mainGroup = 99A2A5941B97536F00F5D377;
			productRefGroup = 99A2A59E1B97536F00F5D377 /* Products */;
			projectDirPath = "";
			projectRoot = "";
			targets = (
				99A2A59C1B97536F00F5D377 /* CalendarTest */,
				99A2A5B01B97536F00F5D377 /* CalendarTestTests */,
				99A2A5BB1B97536F00F5D377 /* CalendarTestUITests */,
			);
		};
/* End PBXProject section */

/* Begin PBXResourcesBuildPhase section */
		99A2A59B1B97536F00F5D377 /* Resources */ = {
			isa = PBXResourcesBuildPhase;
			buildActionMask = 2147483647;
			files = (
				99A2A5AB1B97536F00F5D377 /* LaunchScreen.storyboard in Resources */,
				99A2A5A81B97536F00F5D377 /* Assets.xcassets in Resources */,
				99A2A5A61B97536F00F5D377 /* Main.storyboard in Resources */,
			);
			runOnlyForDeploymentPostprocessing = 0;
		};
		99A2A5AF1B97536F00F5D377 /* Resources */ = {
			isa = PBXResourcesBuildPhase;
			buildActionMask = 2147483647;
			files = (
			);
			runOnlyForDeploymentPostprocessing = 0;
		};
		99A2A5BA1B97536F00F5D377 /* Resources */ = {
			isa = PBXResourcesBuildPhase;
			buildActionMask = 2147483647;
			files = (
			);
			runOnlyForDeploymentPostprocessing = 0;
		};
/* End PBXResourcesBuildPhase section */

/* Begin PBXSourcesBuildPhase section */
		99A2A5991B97536F00F5D377 /* Sources */ = {
			isa = PBXSourcesBuildPhase;
			buildActionMask = 2147483647;
			files = (
				99A2A5A31B97536F00F5D377 /* ViewController.swift in Sources */,
				99A2A5A11B97536F00F5D377 /* AppDelegate.swift in Sources */,
			);
			runOnlyForDeploymentPostprocessing = 0;
		};
		99A2A5AD1B97536F00F5D377 /* Sources */ = {
			isa = PBXSourcesBuildPhase;
			buildActionMask = 2147483647;
			files = (
				99A2A5B61B97536F00F5D377 /* CalendarTestTests.swift in Sources */,
			);
			runOnlyForDeploymentPostprocessing = 0;
		};
		99A2A5B81B97536F00F5D377 /* Sources */ = {
			isa = PBXSourcesBuildPhase;
			buildActionMask = 2147483647;
			files = (
				99A2A5C11B97536F00F5D377 /* CalendarTestUITests.swift in Sources */,
			);
			runOnlyForDeploymentPostprocessing = 0;
		};
/* End PBXSourcesBuildPhase section */

/* Begin PBXTargetDependency section */
		99A2A5B31B97536F00F5D377 /* PBXTargetDependency */ = {
			isa = PBXTargetDependency;
			target = 99A2A59C1B97536F00F5D377 /* CalendarTest */;
			targetProxy = 99A2A5B21B97536F00F5D377 /* PBXContainerItemProxy */;
		};
		99A2A5BE1B97536F00F5D377 /* PBXTargetDependency */ = {
			isa = PBXTargetDependency;
			target = 99A2A59C1B97536F00F5D377 /* CalendarTest */;
			targetProxy = 99A2A5BD1B97536F00F5D377 /* PBXContainerItemProxy */;
		};
/* End PBXTargetDependency section */

/* Begin PBXVariantGroup section */
		99A2A5A41B97536F00F5D377 /* Main.storyboard */ = {
			isa = PBXVariantGroup;
			children = (
				99A2A5A51B97536F00F5D377 /* Base */,
			);
			name = Main.storyboard;
			sourceTree = "<group>";
		};
		99A2A5A91B97536F00F5D377 /* LaunchScreen.storyboard */ = {
			isa = PBXVariantGroup;
			children = (
				99A2A5AA1B97536F00F5D377 /* Base */,
			);
			name = LaunchScreen.storyboard;
			sourceTree = "<group>";
		};
/* End PBXVariantGroup section */

/* Begin XCBuildConfiguration section */
		99A2A5C31B97536F00F5D377 /* Debug */ = {
			isa = XCBuildConfiguration;
			buildSettings = {
				ALWAYS_SEARCH_USER_PATHS = NO;
				CLANG_CXX_LANGUAGE_STANDARD = "gnu++0x";
				CLANG_CXX_LIBRARY = "libc++";
				CLANG_ENABLE_MODULES = YES;
				CLANG_ENABLE_OBJC_ARC = YES;
				CLANG_WARN_BOOL_CONVERSION = YES;
				CLANG_WARN_CONSTANT_CONVERSION = YES;
				CLANG_WARN_DIRECT_OBJC_ISA_USAGE = YES_ERROR;
				CLANG_WARN_EMPTY_BODY = YES;
				CLANG_WARN_ENUM_CONVERSION = YES;
				CLANG_WARN_INT_CONVERSION = YES;
				CLANG_WARN_OBJC_ROOT_CLASS = YES_ERROR;
				CLANG_WARN_UNREACHABLE_CODE = YES;
				CLANG_WARN__DUPLICATE_METHOD_MATCH = YES;
				"CODE_SIGN_IDENTITY[sdk=iphoneos*]" = "iPhone Developer";
				COPY_PHASE_STRIP = NO;
				DEBUG_INFORMATION_FORMAT = dwarf;
				ENABLE_STRICT_OBJC_MSGSEND = YES;
				ENABLE_TESTABILITY = YES;
				GCC_C_LANGUAGE_STANDARD = gnu99;
				GCC_DYNAMIC_NO_PIC = NO;
				GCC_NO_COMMON_BLOCKS = YES;
				GCC_OPTIMIZATION_LEVEL = 0;
				GCC_PREPROCESSOR_DEFINITIONS = (
					"DEBUG=1",
					"$(inherited)",
				);
				GCC_WARN_64_TO_32_BIT_CONVERSION = YES;
				GCC_WARN_ABOUT_RETURN_TYPE = YES_ERROR;
				GCC_WARN_UNDECLARED_SELECTOR = YES;
				GCC_WARN_UNINITIALIZED_AUTOS = YES_AGGRESSIVE;
				GCC_WARN_UNUSED_FUNCTION = YES;
				GCC_WARN_UNUSED_VARIABLE = YES;
				IPHONEOS_DEPLOYMENT_TARGET = 9.0;
				MTL_ENABLE_DEBUG_INFO = YES;
				ONLY_ACTIVE_ARCH = YES;
				SDKROOT = iphoneos;
				SWIFT_OPTIMIZATION_LEVEL = "-Onone";
				TARGETED_DEVICE_FAMILY = "1,2";
			};
			name = Debug;
		};
		99A2A5C41B97536F00F5D377 /* Release */ = {
			isa = XCBuildConfiguration;
			buildSettings = {
				ALWAYS_SEARCH_USER_PATHS = NO;
				CLANG_CXX_LANGUAGE_STANDARD = "gnu++0x";
				CLANG_CXX_LIBRARY = "libc++";
				CLANG_ENABLE_MODULES = YES;
				CLANG_ENABLE_OBJC_ARC = YES;
				CLANG_WARN_BOOL_CONVERSION = YES;
				CLANG_WARN_CONSTANT_CONVERSION = YES;
				CLANG_WARN_DIRECT_OBJC_ISA_USAGE = YES_ERROR;
				CLANG_WARN_EMPTY_BODY = YES;
				CLANG_WARN_ENUM_CONVERSION = YES;
				CLANG_WARN_INT_CONVERSION = YES;
				CLANG_WARN_OBJC_ROOT_CLASS = YES_ERROR;
				CLANG_WARN_UNREACHABLE_CODE = YES;
				CLANG_WARN__DUPLICATE_METHOD_MATCH = YES;
				"CODE_SIGN_IDENTITY[sdk=iphoneos*]" = "iPhone Developer";
				COPY_PHASE_STRIP = NO;
				DEBUG_INFORMATION_FORMAT = "dwarf-with-dsym";
				ENABLE_NS_ASSERTIONS = NO;
				ENABLE_STRICT_OBJC_MSGSEND = YES;
				GCC_C_LANGUAGE_STANDARD = gnu99;
				GCC_NO_COMMON_BLOCKS = YES;
				GCC_WARN_64_TO_32_BIT_CONVERSION = YES;
				GCC_WARN_ABOUT_RETURN_TYPE = YES_ERROR;
				GCC_WARN_UNDECLARED_SELECTOR = YES;
				GCC_WARN_UNINITIALIZED_AUTOS = YES_AGGRESSIVE;
				GCC_WARN_UNUSED_FUNCTION = YES;
				GCC_WARN_UNUSED_VARIABLE = YES;
				IPHONEOS_DEPLOYMENT_TARGET = 9.0;
				MTL_ENABLE_DEBUG_INFO = NO;
				SDKROOT = iphoneos;
				TARGETED_DEVICE_FAMILY = "1,2";
				VALIDATE_PRODUCT = YES;
			};
			name = Release;
		};
		99A2A5C61B97536F00F5D377 /* Debug */ = {
			isa = XCBuildConfiguration;
			buildSettings = {
				ASSETCATALOG_COMPILER_APPICON_NAME = AppIcon;
				INFOPLIST_FILE = CalendarTest/Info.plist;
				LD_RUNPATH_SEARCH_PATHS = "$(inherited) @executable_path/Frameworks";
				PRODUCT_BUNDLE_IDENTIFIER = com.deegeu.CalendarTest;
				PRODUCT_NAME = "$(TARGET_NAME)";
			};
			name = Debug;
		};
		99A2A5C71B97536F00F5D377 /* Release */ = {
			isa = XCBuildConfiguration;
			buildSettings = {
				ASSETCATALOG_COMPILER_APPICON_NAME = AppIcon;
				INFOPLIST_FILE = CalendarTest/Info.plist;
				LD_RUNPATH_SEARCH_PATHS = "$(inherited) @executable_path/Frameworks";
				PRODUCT_BUNDLE_IDENTIFIER = com.deegeu.CalendarTest;
				PRODUCT_NAME = "$(TARGET_NAME)";
			};
			name = Release;
		};
		99A2A5C91B97536F00F5D377 /* Debug */ = {
			isa = XCBuildConfiguration;
			buildSettings = {
				BUNDLE_LOADER = "$(TEST_HOST)";
				INFOPLIST_FILE = CalendarTestTests/Info.plist;
				LD_RUNPATH_SEARCH_PATHS = "$(inherited) @executable_path/Frameworks @loader_path/Frameworks";
				PRODUCT_BUNDLE_IDENTIFIER = com.deegeu.CalendarTestTests;
				PRODUCT_NAME = "$(TARGET_NAME)";
				TEST_HOST = "$(BUILT_PRODUCTS_DIR)/CalendarTest.app/CalendarTest";
			};
			name = Debug;
		};
		99A2A5CA1B97536F00F5D377 /* Release */ = {
			isa = XCBuildConfiguration;
			buildSettings = {
				BUNDLE_LOADER = "$(TEST_HOST)";
				INFOPLIST_FILE = CalendarTestTests/Info.plist;
				LD_RUNPATH_SEARCH_PATHS = "$(inherited) @executable_path/Frameworks @loader_path/Frameworks";
				PRODUCT_BUNDLE_IDENTIFIER = com.deegeu.CalendarTestTests;
				PRODUCT_NAME = "$(TARGET_NAME)";
				TEST_HOST = "$(BUILT_PRODUCTS_DIR)/CalendarTest.app/CalendarTest";
			};
			name = Release;
		};
		99A2A5CC1B97536F00F5D377 /* Debug */ = {
			isa = XCBuildConfiguration;
			buildSettings = {
				INFOPLIST_FILE = CalendarTestUITests/Info.plist;
				LD_RUNPATH_SEARCH_PATHS = "$(inherited) @executable_path/Frameworks @loader_path/Frameworks";
				PRODUCT_BUNDLE_IDENTIFIER = com.deegeu.CalendarTestUITests;
				PRODUCT_NAME = "$(TARGET_NAME)";
				TEST_TARGET_NAME = CalendarTest;
				USES_XCTRUNNER = YES;
			};
			name = Debug;
		};
		99A2A5CD1B97536F00F5D377 /* Release */ = {
			isa = XCBuildConfiguration;
			buildSettings = {
				INFOPLIST_FILE = CalendarTestUITests/Info.plist;
				LD_RUNPATH_SEARCH_PATHS = "$(inherited) @executable_path/Frameworks @loader_path/Frameworks";
				PRODUCT_BUNDLE_IDENTIFIER = com.deegeu.CalendarTestUITests;
				PRODUCT_NAME = "$(TARGET_NAME)";
				TEST_TARGET_NAME = CalendarTest;
				USES_XCTRUNNER = YES;
			};
			name = Release;
		};
/* End XCBuildConfiguration section */

/* Begin XCConfigurationList section */
		99A2A5981B97536F00F5D377 /* Build configuration list for PBXProject "CalendarTest" */ = {
			isa = XCConfigurationList;
			buildConfigurations = (
				99A2A5C31B97536F00F5D377 /* Debug */,
				99A2A5C41B97536F00F5D377 /* Release */,
			);
			defaultConfigurationIsVisible = 0;
			defaultConfigurationName = Release;
		};
		99A2A5C51B97536F00F5D377 /* Build configuration list for PBXNativeTarget "CalendarTest" */ = {
			isa = XCConfigurationList;
			buildConfigurations = (
				99A2A5C61B97536F00F5D377 /* Debug */,
				99A2A5C71B97536F00F5D377 /* Release */,
			);
			defaultConfigurationIsVisible = 0;
		};
		99A2A5C81B97536F00F5D377 /* Build configuration list for PBXNativeTarget "CalendarTestTests" */ = {
			isa = XCConfigurationList;
			buildConfigurations = (
				99A2A5C91B97536F00F5D377 /* Debug */,
				99A2A5CA1B97536F00F5D377 /* Release */,
			);
			defaultConfigurationIsVisible = 0;
		};
		99A2A5CB1B97536F00F5D377 /* Build configuration list for PBXNativeTarget "CalendarTestUITests" */ = {
			isa = XCConfigurationList;
			buildConfigurations = (
				99A2A5CC1B97536F00F5D377 /* Debug */,
				99A2A5CD1B97536F00F5D377 /* Release */,
			);
			defaultConfigurationIsVisible = 0;
		};
/* End XCConfigurationList section */
	};
	rootObject = 99A2A5951B97536F00F5D377 /* Project object */;
}
